# THIS IS AN AUTOGENERATED FILE. DO NOT EDIT THIS FILE DIRECTLY.
# yarn lockfile v1


crossword-layout-generator@^0.1.1:
  version "0.1.1"
  resolved "https://registry.yarnpkg.com/crossword-layout-generator/-/crossword-layout-generator-0.1.1.tgz#88fe7cab929a95b38ae129665c13928d4e7d1257"
  integrity sha512-wunaTcpzDc1UL7iC77ckh4mMEjFuBDMYIKhJn3yq6b7jvHu5zcxe17cGh4Pv1VbLu1BfC6kgDV0IowfqDUm2sg==
